
Microsoft Visual Studio Solution File, Format Version 12.00
# Visual Studio Version 17
VisualStudioVersion = 17.6.33829.357
MinimumVisualStudioVersion = 10.0.40219.1
Project("{FAE04EC0-301F-11D3-BF4B-00C04F79EFBC}") = "psdPH", "psdPH\psdPH.csproj", "{9FFAB28D-5D38-47CF-9D39-F587CFC90455}"
EndProject
Project("{2150E333-8FDC-42A3-9474-1A3956D46DE8}") = "Элементы решения", "Элементы решения", "{868E0A7A-6D41-4EED-830F-66EEB987752B}"
EndProject
Project("{FAE04EC0-301F-11D3-BF4B-00C04F79EFBC}") = "test.Photoshop", "test.Photoshop\test.Photoshop.csproj", "{00161EE0-91BA-425E-9A65-DDBA88CB7B82}"
EndProject
Project("{FAE04EC0-301F-11D3-BF4B-00C04F79EFBC}") = "TestDefinitions", "TestDefinitions\TestDefinitions.csproj", "{37FE1678-2A21-431A-A816-E682675F2D22}"
EndProject
Project("{FAE04EC0-301F-11D3-BF4B-00C04F79EFBC}") = "psdPH.Photoshop", "psdPH.Photoshop\psdPH.Photoshop.csproj", "{E879B3A1-E6FB-4B50-B0DF-9E34546BEA19}"
EndProject
Project("{FAE04EC0-301F-11D3-BF4B-00C04F79EFBC}") = "psdPH.Localization", "psdPH.Localization\psdPH.Localization.csproj", "{5B904C27-3C81-4E9B-A882-6A08D71E7C44}"
EndProject
Project("{FAE04EC0-301F-11D3-BF4B-00C04F79EFBC}") = "psdPH.Parameters", "psdPH.Core\psdPH.Parameters.csproj", "{2EC6F86A-2E44-4C97-9D8B-66F6BFD48244}"
EndProject
Project("{FAE04EC0-301F-11D3-BF4B-00C04F79EFBC}") = "psdPH.Nodes", "psdPH.Nodes\psdPH.Nodes.csproj", "{5226CE47-9474-4681-8847-69E4F38EB9F5}"
EndProject
Project("{FAE04EC0-301F-11D3-BF4B-00C04F79EFBC}") = "psdPH.Project", "psdPH.Project\psdPH.Project.csproj", "{BAAD7F1F-5B1C-4E50-B1DE-CE9D8C5945CB}"
EndProject
Project("{FAE04EC0-301F-11D3-BF4B-00C04F79EFBC}") = "psdPH.Utils", "psdPH.Utils\psdPH.Utils.csproj", "{EE2EF308-810E-4884-A755-8149D3FFAD78}"
EndProject
Project("{FAE04EC0-301F-11D3-BF4B-00C04F79EFBC}") = "psdPH.Serialization", "psdPH.Serialization\psdPH.Serialization.csproj", "{CC0FFFDC-697C-4469-B1FB-61B396311625}"
EndProject
Project("{FAE04EC0-301F-11D3-BF4B-00C04F79EFBC}") = "psdPH.Context", "psdPH.Context\psdPH.Context.csproj", "{5AF433DB-0930-4FB7-8318-1D2BC519D3C6}"
EndProject
Project("{FAE04EC0-301F-11D3-BF4B-00C04F79EFBC}") = "Design", "Design\Design.csproj", "{A67C9CE7-D982-4071-80BB-358EFC5FC0A3}"
EndProject
Project("{FAE04EC0-301F-11D3-BF4B-00C04F79EFBC}") = "psdPH.Setups", "psdPH.Setups\psdPH.Setups.csproj", "{55BD3BA6-11A4-42BA-A938-FF386EC090F5}"
EndProject
Project("{FAE04EC0-301F-11D3-BF4B-00C04F79EFBC}") = "psdPH.Compositons", "psdPH.Core.Compositons\psdPH.Compositons.csproj", "{C20E66C4-E8A7-4F52-A74E-B5806125D9FC}"
EndProject
Project("{FAE04EC0-301F-11D3-BF4B-00C04F79EFBC}") = "psdPH.Rules", "psdPH.Rules\psdPH.Rules.csproj", "{39511C94-2900-4295-AF24-44BB6B164D57}"
EndProject
Project("{FAE04EC0-301F-11D3-BF4B-00C04F79EFBC}") = "psdPH.Setups.Controls", "psdPH.Setups.Controls\psdPH.Setups.Controls.csproj", "{59BFABE0-49CD-4199-8E36-F64B3AD20025}"
EndProject
Project("{FAE04EC0-301F-11D3-BF4B-00C04F79EFBC}") = "psdPH.Setups.Core", "psdPH.Setups.Core\psdPH.Setups.Core.csproj", "{3369D6FE-2C5F-4F88-AF24-24A441C4D4B7}"
EndProject
Project("{FAE04EC0-301F-11D3-BF4B-00C04F79EFBC}") = "psdPH.Nodes.UI", "psdPH.Nodes.UI\psdPH.Nodes.UI.csproj", "{A371C100-4F9C-4744-9837-4C73BBB09CE0}"
EndProject
Project("{FAE04EC0-301F-11D3-BF4B-00C04F79EFBC}") = "psdPH.Nodes.Core", "psdPH.Nodes.Core\psdPH.Nodes.Core.csproj", "{5AA065A2-D4A8-49A7-8DC5-66E1081B84F9}"
EndProject
Project("{FAE04EC0-301F-11D3-BF4B-00C04F79EFBC}") = "psdPH.CollectionEditor", "psdPH.CollectionEditor\psdPH.CollectionEditor.csproj", "{37840E39-F549-416B-AFE2-461F7A94085D}"
EndProject
Project("{FAE04EC0-301F-11D3-BF4B-00C04F79EFBC}") = "psdPH.TemplateEditor", "psdPH.TemplateEditor\psdPH.TemplateEditor.csproj", "{ED1721B9-B443-4B31-AAD8-27AE1C2B1BE3}"
EndProject
Project("{FAE04EC0-301F-11D3-BF4B-00C04F79EFBC}") = "psdPH.CED", "psdPH.CED\psdPH.CED.csproj", "{026C33A7-D6EB-4124-B53A-BF25D789E1C4}"
EndProject
Project("{FAE04EC0-301F-11D3-BF4B-00C04F79EFBC}") = "psdPH.Views", "psdPH.Views\psdPH.Views.csproj", "{257CEB02-0A13-48DB-9B9A-382F663DC0DA}"
EndProject
Project("{FAE04EC0-301F-11D3-BF4B-00C04F79EFBC}") = "test.Nodes", "test.Nodes\test.Nodes.csproj", "{E70EF92F-FA76-4BE7-B374-5C44881BD587}"
EndProject
Project("{FAE04EC0-301F-11D3-BF4B-00C04F79EFBC}") = "test.Compositions", "test.Compositions\test.Compositions.csproj", "{B0F234DF-E44C-4459-87D8-9BC9D8C3E68D}"
EndProject
Project("{FAE04EC0-301F-11D3-BF4B-00C04F79EFBC}") = "test.Parameters", "test.Parameters\test.Parameters.csproj", "{49F87872-E46F-4A06-91E2-12B440E47D68}"
EndProject
Project("{FAE04EC0-301F-11D3-BF4B-00C04F79EFBC}") = "test.Rules", "test.Rules\test.Rules.csproj", "{002D0889-CD39-4A72-9FBF-900EF78D9C94}"
EndProject
Project("{FAE04EC0-301F-11D3-BF4B-00C04F79EFBC}") = "test.Serialization", "test.Serialization\test.Serialization.csproj", "{355B6E05-BA65-4388-9292-F003FA1034B2}"
EndProject
Project("{FAE04EC0-301F-11D3-BF4B-00C04F79EFBC}") = "test.Views", "test.Views\test.Views.csproj", "{A6DF96C9-6444-4EE4-A9C1-EC6F70C36ACB}"
EndProject
Project("{FAE04EC0-301F-11D3-BF4B-00C04F79EFBC}") = "test.Setups", "test.Setups\test.Setups.csproj", "{9BA6B3D3-F0B3-4E2D-9AC3-706C0BED948E}"
EndProject
Project("{FAE04EC0-301F-11D3-BF4B-00C04F79EFBC}") = "test.TemplateEditor", "test.TemplateEditor\test.TemplateEditor.csproj", "{64BD0324-926B-49B6-BF14-7996050DD28C}"
EndProject
Project("{FAE04EC0-301F-11D3-BF4B-00C04F79EFBC}") = "test.Project", "test.Project\test.Project.csproj", "{0960A5EB-F768-425F-92C4-10FE867A577D}"
EndProject
Project("{FAE04EC0-301F-11D3-BF4B-00C04F79EFBC}") = "test.Nodes.UI", "test.Nodes.UI\test.Nodes.UI.csproj", "{419199AB-1067-48CB-9DFC-DA923A9C8E89}"
EndProject
Project("{FAE04EC0-301F-11D3-BF4B-00C04F79EFBC}") = "psdPH.Nodes.CanvasManager", "psdPH.Nodes.CanvasManager\psdPH.Nodes.CanvasManager.csproj", "{83486CCA-9F06-411C-9260-499276E46E9B}"
EndProject
Project("{FAE04EC0-301F-11D3-BF4B-00C04F79EFBC}") = "psdPH.Nodes.Editor", "psdPH.Nodes.Editor\psdPH.Nodes.Editor.csproj", "{460684AF-2AB1-4B44-AFBD-21A00E4339BD}"
EndProject
Project("{FAE04EC0-301F-11D3-BF4B-00C04F79EFBC}") = "test.Nodes.Editor", "test.Nodes.Editor\test.Nodes.Editor.csproj", "{9F884E50-302D-4947-97C0-CF466066C152}"
EndProject
Project("{FAE04EC0-301F-11D3-BF4B-00C04F79EFBC}") = "psdPH.Nodes.Icons", "psdPH.Nodes.Icons\psdPH.Nodes.Icons.csproj", "{1A9301FC-A806-4C6F-A173-1741D76E7606}"
EndProject
Project("{FAE04EC0-301F-11D3-BF4B-00C04F79EFBC}") = "test.Nodes.Core", "test.Nodes.Core\test.Nodes.Core.csproj", "{B249BBA8-741B-4784-A84E-3F005A4B2CC4}"
EndProject
Project("{FAE04EC0-301F-11D3-BF4B-00C04F79EFBC}") = "psdPH.Lets.Core", "psdPH.Lets.Core\psdPH.Lets.Core.csproj", "{93907D71-D3E7-41A8-AE97-C56F6366506F}"
EndProject
Project("{FAE04EC0-301F-11D3-BF4B-00C04F79EFBC}") = "psdPH.Hierarchy", "psdPH.Hierarchy\psdPH.Hierarchy.csproj", "{E833441A-44DF-426F-B762-F7A8D8971310}"
EndProject
Project("{FAE04EC0-301F-11D3-BF4B-00C04F79EFBC}") = "psdPH.DocumentMatching", "psdPH.DocumentMatching\psdPH.DocumentMatching.csproj", "{93001457-DB65-4921-A20F-D3FD43136FFE}"
EndProject
Project("{FAE04EC0-301F-11D3-BF4B-00C04F79EFBC}") = "test.Lets.Core", "test.Lets.Core\test.Lets.Core.csproj", "{897D56F1-7FA6-4518-8F65-5B0C90D7AFE4}"
EndProject
Project("{FAE04EC0-301F-11D3-BF4B-00C04F79EFBC}") = "psdPH.Reflection", "psdPH.Reflection\psdPH.Reflection.csproj", "{E73844DC-D24C-490C-9098-98ADD149368A}"
EndProject
Project("{FAE04EC0-301F-11D3-BF4B-00C04F79EFBC}") = "test.Reflection", "test.Reflection\test.Reflection.csproj", "{59A8E187-70CC-4C76-A5F1-3BAD2FC54F5D}"
EndProject
Project("{FAE04EC0-301F-11D3-BF4B-00C04F79EFBC}") = "psdPH.TemplateEditor.Structure", "psdPH.TemplateEditor.Structure\psdPH.TemplateEditor.Structure.csproj", "{B46A3ADB-0BE2-4ADD-9690-E873BA4317D5}"
EndProject
Project("{FAE04EC0-301F-11D3-BF4B-00C04F79EFBC}") = "psdPH.TemplateEditor.Core", "psdPH.TemplateEditor.Core\psdPH.TemplateEditor.Core.csproj", "{B9CDF1E8-48C4-4705-9544-63EE7464A622}"
EndProject
Project("{FAE04EC0-301F-11D3-BF4B-00C04F79EFBC}") = "psdPH.TemplateEditor.Parameters", "psdPH.TemplateEditor.ParameterSet\psdPH.TemplateEditor.Parameters.csproj", "{3A37350C-A6AD-4D29-9AAC-A443F43DF1FE}"
EndProject
Project("{FAE04EC0-301F-11D3-BF4B-00C04F79EFBC}") = "test.TemplateEditor.Structure", "test.TemplateEditor.Structure\test.TemplateEditor.Structure.csproj", "{5154A73E-8A56-4080-A49F-806C1577192D}"
EndProject
Project("{FAE04EC0-301F-11D3-BF4B-00C04F79EFBC}") = "test.TemplateEditor.Parameters", "test.TemplateEditor.ParameterSet\test.TemplateEditor.Parameters.csproj", "{5BBFE856-4132-4481-9CE6-B23BB583DF6B}"
EndProject
Project("{FAE04EC0-301F-11D3-BF4B-00C04F79EFBC}") = "psdPH.LetViews", "psdPH.LetViews\psdPH.LetViews.csproj", "{40C091DE-6B26-4B8C-8B04-33EE8DFC1148}"
EndProject
Project("{FAE04EC0-301F-11D3-BF4B-00C04F79EFBC}") = "psdPH.SpecialControls", "psdPH.SpecialControls\psdPH.SpecialControls.csproj", "{7EA427FF-BBEE-442C-A8E7-DEF7EC5D95A5}"
EndProject
Project("{FAE04EC0-301F-11D3-BF4B-00C04F79EFBC}") = "test.LetViews", "test.LetViews\test.LetViews.csproj", "{A228D3D6-86AA-4515-9F32-3866235C7DF4}"
EndProject
Project("{FAE04EC0-301F-11D3-BF4B-00C04F79EFBC}") = "psdPH.Alignment.Core", "psdPH.Alignment\psdPH.Alignment.Core.csproj", "{325E2FD8-3957-48C2-A02C-5457875444F8}"
EndProject
Project("{FAE04EC0-301F-11D3-BF4B-00C04F79EFBC}") = "test.SpecialControls", "test.SpecialControls\test.SpecialControls.csproj", "{18E3DB89-E113-4CC8-85D7-2EB42A24A937}"
EndProject
Global
	GlobalSection(SolutionConfigurationPlatforms) = preSolution
		Debug|Any CPU = Debug|Any CPU
		NoViews|Any CPU = NoViews|Any CPU
		Release|Any CPU = Release|Any CPU
	EndGlobalSection
	GlobalSection(ProjectConfigurationPlatforms) = postSolution
		{9FFAB28D-5D38-47CF-9D39-F587CFC90455}.Debug|Any CPU.ActiveCfg = Debug|Any CPU
		{9FFAB28D-5D38-47CF-9D39-F587CFC90455}.Debug|Any CPU.Build.0 = Debug|Any CPU
		{9FFAB28D-5D38-47CF-9D39-F587CFC90455}.NoViews|Any CPU.ActiveCfg = NoViews|Any CPU
		{9FFAB28D-5D38-47CF-9D39-F587CFC90455}.NoViews|Any CPU.Build.0 = NoViews|Any CPU
		{9FFAB28D-5D38-47CF-9D39-F587CFC90455}.Release|Any CPU.ActiveCfg = Release|Any CPU
		{9FFAB28D-5D38-47CF-9D39-F587CFC90455}.Release|Any CPU.Build.0 = Release|Any CPU
		{00161EE0-91BA-425E-9A65-DDBA88CB7B82}.Debug|Any CPU.ActiveCfg = Debug|Any CPU
		{00161EE0-91BA-425E-9A65-DDBA88CB7B82}.Debug|Any CPU.Build.0 = Debug|Any CPU
		{00161EE0-91BA-425E-9A65-DDBA88CB7B82}.NoViews|Any CPU.ActiveCfg = NoViews|Any CPU
		{00161EE0-91BA-425E-9A65-DDBA88CB7B82}.NoViews|Any CPU.Build.0 = NoViews|Any CPU
		{00161EE0-91BA-425E-9A65-DDBA88CB7B82}.Release|Any CPU.ActiveCfg = Release|Any CPU
		{00161EE0-91BA-425E-9A65-DDBA88CB7B82}.Release|Any CPU.Build.0 = Release|Any CPU
		{37FE1678-2A21-431A-A816-E682675F2D22}.Debug|Any CPU.ActiveCfg = Debug|Any CPU
		{37FE1678-2A21-431A-A816-E682675F2D22}.Debug|Any CPU.Build.0 = Debug|Any CPU
		{37FE1678-2A21-431A-A816-E682675F2D22}.NoViews|Any CPU.ActiveCfg = NoViews|Any CPU
		{37FE1678-2A21-431A-A816-E682675F2D22}.NoViews|Any CPU.Build.0 = NoViews|Any CPU
		{37FE1678-2A21-431A-A816-E682675F2D22}.Release|Any CPU.ActiveCfg = Release|Any CPU
		{37FE1678-2A21-431A-A816-E682675F2D22}.Release|Any CPU.Build.0 = Release|Any CPU
		{E879B3A1-E6FB-4B50-B0DF-9E34546BEA19}.Debug|Any CPU.ActiveCfg = Debug|Any CPU
		{E879B3A1-E6FB-4B50-B0DF-9E34546BEA19}.Debug|Any CPU.Build.0 = Debug|Any CPU
		{E879B3A1-E6FB-4B50-B0DF-9E34546BEA19}.NoViews|Any CPU.ActiveCfg = NoViews|Any CPU
		{E879B3A1-E6FB-4B50-B0DF-9E34546BEA19}.NoViews|Any CPU.Build.0 = NoViews|Any CPU
		{E879B3A1-E6FB-4B50-B0DF-9E34546BEA19}.Release|Any CPU.ActiveCfg = Release|Any CPU
		{E879B3A1-E6FB-4B50-B0DF-9E34546BEA19}.Release|Any CPU.Build.0 = Release|Any CPU
		{5B904C27-3C81-4E9B-A882-6A08D71E7C44}.Debug|Any CPU.ActiveCfg = Debug|Any CPU
		{5B904C27-3C81-4E9B-A882-6A08D71E7C44}.Debug|Any CPU.Build.0 = Debug|Any CPU
		{5B904C27-3C81-4E9B-A882-6A08D71E7C44}.NoViews|Any CPU.ActiveCfg = NoViews|Any CPU
		{5B904C27-3C81-4E9B-A882-6A08D71E7C44}.NoViews|Any CPU.Build.0 = NoViews|Any CPU
		{5B904C27-3C81-4E9B-A882-6A08D71E7C44}.Release|Any CPU.ActiveCfg = Release|Any CPU
		{5B904C27-3C81-4E9B-A882-6A08D71E7C44}.Release|Any CPU.Build.0 = Release|Any CPU
		{2EC6F86A-2E44-4C97-9D8B-66F6BFD48244}.Debug|Any CPU.ActiveCfg = Debug|Any CPU
		{2EC6F86A-2E44-4C97-9D8B-66F6BFD48244}.Debug|Any CPU.Build.0 = Debug|Any CPU
		{2EC6F86A-2E44-4C97-9D8B-66F6BFD48244}.NoViews|Any CPU.ActiveCfg = NoViews|Any CPU
		{2EC6F86A-2E44-4C97-9D8B-66F6BFD48244}.NoViews|Any CPU.Build.0 = NoViews|Any CPU
		{2EC6F86A-2E44-4C97-9D8B-66F6BFD48244}.Release|Any CPU.ActiveCfg = Release|Any CPU
		{2EC6F86A-2E44-4C97-9D8B-66F6BFD48244}.Release|Any CPU.Build.0 = Release|Any CPU
		{5226CE47-9474-4681-8847-69E4F38EB9F5}.Debug|Any CPU.ActiveCfg = Debug|Any CPU
		{5226CE47-9474-4681-8847-69E4F38EB9F5}.Debug|Any CPU.Build.0 = Debug|Any CPU
		{5226CE47-9474-4681-8847-69E4F38EB9F5}.NoViews|Any CPU.ActiveCfg = NoViews|Any CPU
		{5226CE47-9474-4681-8847-69E4F38EB9F5}.NoViews|Any CPU.Build.0 = NoViews|Any CPU
		{5226CE47-9474-4681-8847-69E4F38EB9F5}.Release|Any CPU.ActiveCfg = Release|Any CPU
		{5226CE47-9474-4681-8847-69E4F38EB9F5}.Release|Any CPU.Build.0 = Release|Any CPU
		{BAAD7F1F-5B1C-4E50-B1DE-CE9D8C5945CB}.Debug|Any CPU.ActiveCfg = Debug|Any CPU
		{BAAD7F1F-5B1C-4E50-B1DE-CE9D8C5945CB}.Debug|Any CPU.Build.0 = Debug|Any CPU
		{BAAD7F1F-5B1C-4E50-B1DE-CE9D8C5945CB}.NoViews|Any CPU.ActiveCfg = NoViews|Any CPU
		{BAAD7F1F-5B1C-4E50-B1DE-CE9D8C5945CB}.NoViews|Any CPU.Build.0 = NoViews|Any CPU
		{BAAD7F1F-5B1C-4E50-B1DE-CE9D8C5945CB}.Release|Any CPU.ActiveCfg = Release|Any CPU
		{BAAD7F1F-5B1C-4E50-B1DE-CE9D8C5945CB}.Release|Any CPU.Build.0 = Release|Any CPU
		{EE2EF308-810E-4884-A755-8149D3FFAD78}.Debug|Any CPU.ActiveCfg = Debug|Any CPU
		{EE2EF308-810E-4884-A755-8149D3FFAD78}.Debug|Any CPU.Build.0 = Debug|Any CPU
		{EE2EF308-810E-4884-A755-8149D3FFAD78}.NoViews|Any CPU.ActiveCfg = NoViews|Any CPU
		{EE2EF308-810E-4884-A755-8149D3FFAD78}.NoViews|Any CPU.Build.0 = NoViews|Any CPU
		{EE2EF308-810E-4884-A755-8149D3FFAD78}.Release|Any CPU.ActiveCfg = Release|Any CPU
		{EE2EF308-810E-4884-A755-8149D3FFAD78}.Release|Any CPU.Build.0 = Release|Any CPU
		{CC0FFFDC-697C-4469-B1FB-61B396311625}.Debug|Any CPU.ActiveCfg = Debug|Any CPU
		{CC0FFFDC-697C-4469-B1FB-61B396311625}.Debug|Any CPU.Build.0 = Debug|Any CPU
		{CC0FFFDC-697C-4469-B1FB-61B396311625}.NoViews|Any CPU.ActiveCfg = NoViews|Any CPU
		{CC0FFFDC-697C-4469-B1FB-61B396311625}.NoViews|Any CPU.Build.0 = NoViews|Any CPU
		{CC0FFFDC-697C-4469-B1FB-61B396311625}.Release|Any CPU.ActiveCfg = Release|Any CPU
		{CC0FFFDC-697C-4469-B1FB-61B396311625}.Release|Any CPU.Build.0 = Release|Any CPU
		{5AF433DB-0930-4FB7-8318-1D2BC519D3C6}.Debug|Any CPU.ActiveCfg = Debug|Any CPU
		{5AF433DB-0930-4FB7-8318-1D2BC519D3C6}.Debug|Any CPU.Build.0 = Debug|Any CPU
		{5AF433DB-0930-4FB7-8318-1D2BC519D3C6}.NoViews|Any CPU.ActiveCfg = NoViews|Any CPU
		{5AF433DB-0930-4FB7-8318-1D2BC519D3C6}.NoViews|Any CPU.Build.0 = NoViews|Any CPU
		{5AF433DB-0930-4FB7-8318-1D2BC519D3C6}.Release|Any CPU.ActiveCfg = Release|Any CPU
		{5AF433DB-0930-4FB7-8318-1D2BC519D3C6}.Release|Any CPU.Build.0 = Release|Any CPU
		{A67C9CE7-D982-4071-80BB-358EFC5FC0A3}.Debug|Any CPU.ActiveCfg = Debug|Any CPU
		{A67C9CE7-D982-4071-80BB-358EFC5FC0A3}.Debug|Any CPU.Build.0 = Debug|Any CPU
		{A67C9CE7-D982-4071-80BB-358EFC5FC0A3}.NoViews|Any CPU.ActiveCfg = NoViews|Any CPU
		{A67C9CE7-D982-4071-80BB-358EFC5FC0A3}.NoViews|Any CPU.Build.0 = NoViews|Any CPU
		{A67C9CE7-D982-4071-80BB-358EFC5FC0A3}.Release|Any CPU.ActiveCfg = Release|Any CPU
		{A67C9CE7-D982-4071-80BB-358EFC5FC0A3}.Release|Any CPU.Build.0 = Release|Any CPU
		{55BD3BA6-11A4-42BA-A938-FF386EC090F5}.Debug|Any CPU.ActiveCfg = Debug|Any CPU
		{55BD3BA6-11A4-42BA-A938-FF386EC090F5}.Debug|Any CPU.Build.0 = Debug|Any CPU
		{55BD3BA6-11A4-42BA-A938-FF386EC090F5}.NoViews|Any CPU.ActiveCfg = NoViews|Any CPU
		{55BD3BA6-11A4-42BA-A938-FF386EC090F5}.NoViews|Any CPU.Build.0 = NoViews|Any CPU
		{55BD3BA6-11A4-42BA-A938-FF386EC090F5}.Release|Any CPU.ActiveCfg = Release|Any CPU
		{55BD3BA6-11A4-42BA-A938-FF386EC090F5}.Release|Any CPU.Build.0 = Release|Any CPU
		{C20E66C4-E8A7-4F52-A74E-B5806125D9FC}.Debug|Any CPU.ActiveCfg = Debug|Any CPU
		{C20E66C4-E8A7-4F52-A74E-B5806125D9FC}.Debug|Any CPU.Build.0 = Debug|Any CPU
		{C20E66C4-E8A7-4F52-A74E-B5806125D9FC}.NoViews|Any CPU.ActiveCfg = NoViews|Any CPU
		{C20E66C4-E8A7-4F52-A74E-B5806125D9FC}.NoViews|Any CPU.Build.0 = NoViews|Any CPU
		{C20E66C4-E8A7-4F52-A74E-B5806125D9FC}.Release|Any CPU.ActiveCfg = Release|Any CPU
		{C20E66C4-E8A7-4F52-A74E-B5806125D9FC}.Release|Any CPU.Build.0 = Release|Any CPU
		{39511C94-2900-4295-AF24-44BB6B164D57}.Debug|Any CPU.ActiveCfg = Debug|Any CPU
		{39511C94-2900-4295-AF24-44BB6B164D57}.Debug|Any CPU.Build.0 = Debug|Any CPU
		{39511C94-2900-4295-AF24-44BB6B164D57}.NoViews|Any CPU.ActiveCfg = NoViews|Any CPU
		{39511C94-2900-4295-AF24-44BB6B164D57}.NoViews|Any CPU.Build.0 = NoViews|Any CPU
		{39511C94-2900-4295-AF24-44BB6B164D57}.Release|Any CPU.ActiveCfg = Release|Any CPU
		{39511C94-2900-4295-AF24-44BB6B164D57}.Release|Any CPU.Build.0 = Release|Any CPU
		{59BFABE0-49CD-4199-8E36-F64B3AD20025}.Debug|Any CPU.ActiveCfg = Debug|Any CPU
		{59BFABE0-49CD-4199-8E36-F64B3AD20025}.Debug|Any CPU.Build.0 = Debug|Any CPU
		{59BFABE0-49CD-4199-8E36-F64B3AD20025}.NoViews|Any CPU.ActiveCfg = NoViews|Any CPU
		{59BFABE0-49CD-4199-8E36-F64B3AD20025}.NoViews|Any CPU.Build.0 = NoViews|Any CPU
		{59BFABE0-49CD-4199-8E36-F64B3AD20025}.Release|Any CPU.ActiveCfg = Release|Any CPU
		{59BFABE0-49CD-4199-8E36-F64B3AD20025}.Release|Any CPU.Build.0 = Release|Any CPU
		{3369D6FE-2C5F-4F88-AF24-24A441C4D4B7}.Debug|Any CPU.ActiveCfg = Debug|Any CPU
		{3369D6FE-2C5F-4F88-AF24-24A441C4D4B7}.Debug|Any CPU.Build.0 = Debug|Any CPU
		{3369D6FE-2C5F-4F88-AF24-24A441C4D4B7}.NoViews|Any CPU.ActiveCfg = NoViews|Any CPU
		{3369D6FE-2C5F-4F88-AF24-24A441C4D4B7}.NoViews|Any CPU.Build.0 = NoViews|Any CPU
		{3369D6FE-2C5F-4F88-AF24-24A441C4D4B7}.Release|Any CPU.ActiveCfg = Release|Any CPU
		{3369D6FE-2C5F-4F88-AF24-24A441C4D4B7}.Release|Any CPU.Build.0 = Release|Any CPU
		{A371C100-4F9C-4744-9837-4C73BBB09CE0}.Debug|Any CPU.ActiveCfg = Debug|Any CPU
		{A371C100-4F9C-4744-9837-4C73BBB09CE0}.Debug|Any CPU.Build.0 = Debug|Any CPU
		{A371C100-4F9C-4744-9837-4C73BBB09CE0}.NoViews|Any CPU.ActiveCfg = NoViews|Any CPU
		{A371C100-4F9C-4744-9837-4C73BBB09CE0}.NoViews|Any CPU.Build.0 = NoViews|Any CPU
		{A371C100-4F9C-4744-9837-4C73BBB09CE0}.Release|Any CPU.ActiveCfg = Release|Any CPU
		{A371C100-4F9C-4744-9837-4C73BBB09CE0}.Release|Any CPU.Build.0 = Release|Any CPU
		{5AA065A2-D4A8-49A7-8DC5-66E1081B84F9}.Debug|Any CPU.ActiveCfg = Debug|Any CPU
		{5AA065A2-D4A8-49A7-8DC5-66E1081B84F9}.Debug|Any CPU.Build.0 = Debug|Any CPU
		{5AA065A2-D4A8-49A7-8DC5-66E1081B84F9}.NoViews|Any CPU.ActiveCfg = NoViews|Any CPU
		{5AA065A2-D4A8-49A7-8DC5-66E1081B84F9}.NoViews|Any CPU.Build.0 = NoViews|Any CPU
		{5AA065A2-D4A8-49A7-8DC5-66E1081B84F9}.Release|Any CPU.ActiveCfg = Release|Any CPU
		{5AA065A2-D4A8-49A7-8DC5-66E1081B84F9}.Release|Any CPU.Build.0 = Release|Any CPU
		{37840E39-F549-416B-AFE2-461F7A94085D}.Debug|Any CPU.ActiveCfg = Debug|Any CPU
		{37840E39-F549-416B-AFE2-461F7A94085D}.Debug|Any CPU.Build.0 = Debug|Any CPU
		{37840E39-F549-416B-AFE2-461F7A94085D}.NoViews|Any CPU.ActiveCfg = NoViews|Any CPU
		{37840E39-F549-416B-AFE2-461F7A94085D}.NoViews|Any CPU.Build.0 = NoViews|Any CPU
		{37840E39-F549-416B-AFE2-461F7A94085D}.Release|Any CPU.ActiveCfg = Release|Any CPU
		{37840E39-F549-416B-AFE2-461F7A94085D}.Release|Any CPU.Build.0 = Release|Any CPU
		{ED1721B9-B443-4B31-AAD8-27AE1C2B1BE3}.Debug|Any CPU.ActiveCfg = Debug|Any CPU
		{ED1721B9-B443-4B31-AAD8-27AE1C2B1BE3}.Debug|Any CPU.Build.0 = Debug|Any CPU
		{ED1721B9-B443-4B31-AAD8-27AE1C2B1BE3}.NoViews|Any CPU.ActiveCfg = NoViews|Any CPU
		{ED1721B9-B443-4B31-AAD8-27AE1C2B1BE3}.NoViews|Any CPU.Build.0 = NoViews|Any CPU
		{ED1721B9-B443-4B31-AAD8-27AE1C2B1BE3}.Release|Any CPU.ActiveCfg = Release|Any CPU
		{ED1721B9-B443-4B31-AAD8-27AE1C2B1BE3}.Release|Any CPU.Build.0 = Release|Any CPU
		{026C33A7-D6EB-4124-B53A-BF25D789E1C4}.Debug|Any CPU.ActiveCfg = Debug|Any CPU
		{026C33A7-D6EB-4124-B53A-BF25D789E1C4}.Debug|Any CPU.Build.0 = Debug|Any CPU
		{026C33A7-D6EB-4124-B53A-BF25D789E1C4}.NoViews|Any CPU.ActiveCfg = NoViews|Any CPU
		{026C33A7-D6EB-4124-B53A-BF25D789E1C4}.NoViews|Any CPU.Build.0 = NoViews|Any CPU
		{026C33A7-D6EB-4124-B53A-BF25D789E1C4}.Release|Any CPU.ActiveCfg = Release|Any CPU
		{026C33A7-D6EB-4124-B53A-BF25D789E1C4}.Release|Any CPU.Build.0 = Release|Any CPU
		{257CEB02-0A13-48DB-9B9A-382F663DC0DA}.Debug|Any CPU.ActiveCfg = Debug|Any CPU
		{257CEB02-0A13-48DB-9B9A-382F663DC0DA}.Debug|Any CPU.Build.0 = Debug|Any CPU
		{257CEB02-0A13-48DB-9B9A-382F663DC0DA}.NoViews|Any CPU.ActiveCfg = Release|Any CPU
		{257CEB02-0A13-48DB-9B9A-382F663DC0DA}.Release|Any CPU.ActiveCfg = Release|Any CPU
		{257CEB02-0A13-48DB-9B9A-382F663DC0DA}.Release|Any CPU.Build.0 = Release|Any CPU
		{E70EF92F-FA76-4BE7-B374-5C44881BD587}.Debug|Any CPU.ActiveCfg = Debug|Any CPU
		{E70EF92F-FA76-4BE7-B374-5C44881BD587}.Debug|Any CPU.Build.0 = Debug|Any CPU
		{E70EF92F-FA76-4BE7-B374-5C44881BD587}.NoViews|Any CPU.ActiveCfg = Release|Any CPU
		{E70EF92F-FA76-4BE7-B374-5C44881BD587}.NoViews|Any CPU.Build.0 = Release|Any CPU
		{E70EF92F-FA76-4BE7-B374-5C44881BD587}.Release|Any CPU.ActiveCfg = Release|Any CPU
		{E70EF92F-FA76-4BE7-B374-5C44881BD587}.Release|Any CPU.Build.0 = Release|Any CPU
		{B0F234DF-E44C-4459-87D8-9BC9D8C3E68D}.Debug|Any CPU.ActiveCfg = Debug|Any CPU
		{B0F234DF-E44C-4459-87D8-9BC9D8C3E68D}.Debug|Any CPU.Build.0 = Debug|Any CPU
		{B0F234DF-E44C-4459-87D8-9BC9D8C3E68D}.NoViews|Any CPU.ActiveCfg = Release|Any CPU
		{B0F234DF-E44C-4459-87D8-9BC9D8C3E68D}.NoViews|Any CPU.Build.0 = Release|Any CPU
		{B0F234DF-E44C-4459-87D8-9BC9D8C3E68D}.Release|Any CPU.ActiveCfg = Release|Any CPU
		{B0F234DF-E44C-4459-87D8-9BC9D8C3E68D}.Release|Any CPU.Build.0 = Release|Any CPU
		{49F87872-E46F-4A06-91E2-12B440E47D68}.Debug|Any CPU.ActiveCfg = Debug|Any CPU
		{49F87872-E46F-4A06-91E2-12B440E47D68}.Debug|Any CPU.Build.0 = Debug|Any CPU
		{49F87872-E46F-4A06-91E2-12B440E47D68}.NoViews|Any CPU.ActiveCfg = Release|Any CPU
		{49F87872-E46F-4A06-91E2-12B440E47D68}.NoViews|Any CPU.Build.0 = Release|Any CPU
		{49F87872-E46F-4A06-91E2-12B440E47D68}.Release|Any CPU.ActiveCfg = Release|Any CPU
		{49F87872-E46F-4A06-91E2-12B440E47D68}.Release|Any CPU.Build.0 = Release|Any CPU
		{002D0889-CD39-4A72-9FBF-900EF78D9C94}.Debug|Any CPU.ActiveCfg = Debug|Any CPU
		{002D0889-CD39-4A72-9FBF-900EF78D9C94}.Debug|Any CPU.Build.0 = Debug|Any CPU
		{002D0889-CD39-4A72-9FBF-900EF78D9C94}.NoViews|Any CPU.ActiveCfg = Release|Any CPU
		{002D0889-CD39-4A72-9FBF-900EF78D9C94}.NoViews|Any CPU.Build.0 = Release|Any CPU
		{002D0889-CD39-4A72-9FBF-900EF78D9C94}.Release|Any CPU.ActiveCfg = Release|Any CPU
		{002D0889-CD39-4A72-9FBF-900EF78D9C94}.Release|Any CPU.Build.0 = Release|Any CPU
		{355B6E05-BA65-4388-9292-F003FA1034B2}.Debug|Any CPU.ActiveCfg = Debug|Any CPU
		{355B6E05-BA65-4388-9292-F003FA1034B2}.Debug|Any CPU.Build.0 = Debug|Any CPU
		{355B6E05-BA65-4388-9292-F003FA1034B2}.NoViews|Any CPU.ActiveCfg = Release|Any CPU
		{355B6E05-BA65-4388-9292-F003FA1034B2}.NoViews|Any CPU.Build.0 = Release|Any CPU
		{355B6E05-BA65-4388-9292-F003FA1034B2}.Release|Any CPU.ActiveCfg = Release|Any CPU
		{355B6E05-BA65-4388-9292-F003FA1034B2}.Release|Any CPU.Build.0 = Release|Any CPU
		{A6DF96C9-6444-4EE4-A9C1-EC6F70C36ACB}.Debug|Any CPU.ActiveCfg = Debug|Any CPU
		{A6DF96C9-6444-4EE4-A9C1-EC6F70C36ACB}.Debug|Any CPU.Build.0 = Debug|Any CPU
		{A6DF96C9-6444-4EE4-A9C1-EC6F70C36ACB}.NoViews|Any CPU.ActiveCfg = Release|Any CPU
		{A6DF96C9-6444-4EE4-A9C1-EC6F70C36ACB}.NoViews|Any CPU.Build.0 = Release|Any CPU
		{A6DF96C9-6444-4EE4-A9C1-EC6F70C36ACB}.Release|Any CPU.ActiveCfg = Release|Any CPU
		{A6DF96C9-6444-4EE4-A9C1-EC6F70C36ACB}.Release|Any CPU.Build.0 = Release|Any CPU
		{9BA6B3D3-F0B3-4E2D-9AC3-706C0BED948E}.Debug|Any CPU.ActiveCfg = Debug|Any CPU
		{9BA6B3D3-F0B3-4E2D-9AC3-706C0BED948E}.Debug|Any CPU.Build.0 = Debug|Any CPU
		{9BA6B3D3-F0B3-4E2D-9AC3-706C0BED948E}.NoViews|Any CPU.ActiveCfg = Release|Any CPU
		{9BA6B3D3-F0B3-4E2D-9AC3-706C0BED948E}.NoViews|Any CPU.Build.0 = Release|Any CPU
		{9BA6B3D3-F0B3-4E2D-9AC3-706C0BED948E}.Release|Any CPU.ActiveCfg = Release|Any CPU
		{9BA6B3D3-F0B3-4E2D-9AC3-706C0BED948E}.Release|Any CPU.Build.0 = Release|Any CPU
		{64BD0324-926B-49B6-BF14-7996050DD28C}.Debug|Any CPU.ActiveCfg = Debug|Any CPU
		{64BD0324-926B-49B6-BF14-7996050DD28C}.Debug|Any CPU.Build.0 = Debug|Any CPU
		{64BD0324-926B-49B6-BF14-7996050DD28C}.NoViews|Any CPU.ActiveCfg = Release|Any CPU
		{64BD0324-926B-49B6-BF14-7996050DD28C}.NoViews|Any CPU.Build.0 = Release|Any CPU
		{64BD0324-926B-49B6-BF14-7996050DD28C}.Release|Any CPU.ActiveCfg = Release|Any CPU
		{64BD0324-926B-49B6-BF14-7996050DD28C}.Release|Any CPU.Build.0 = Release|Any CPU
		{0960A5EB-F768-425F-92C4-10FE867A577D}.Debug|Any CPU.ActiveCfg = Debug|Any CPU
		{0960A5EB-F768-425F-92C4-10FE867A577D}.Debug|Any CPU.Build.0 = Debug|Any CPU
		{0960A5EB-F768-425F-92C4-10FE867A577D}.NoViews|Any CPU.ActiveCfg = Release|Any CPU
		{0960A5EB-F768-425F-92C4-10FE867A577D}.NoViews|Any CPU.Build.0 = Release|Any CPU
		{0960A5EB-F768-425F-92C4-10FE867A577D}.Release|Any CPU.ActiveCfg = Release|Any CPU
		{0960A5EB-F768-425F-92C4-10FE867A577D}.Release|Any CPU.Build.0 = Release|Any CPU
		{419199AB-1067-48CB-9DFC-DA923A9C8E89}.Debug|Any CPU.ActiveCfg = Debug|Any CPU
		{419199AB-1067-48CB-9DFC-DA923A9C8E89}.Debug|Any CPU.Build.0 = Debug|Any CPU
		{419199AB-1067-48CB-9DFC-DA923A9C8E89}.NoViews|Any CPU.ActiveCfg = Release|Any CPU
		{419199AB-1067-48CB-9DFC-DA923A9C8E89}.NoViews|Any CPU.Build.0 = Release|Any CPU
		{419199AB-1067-48CB-9DFC-DA923A9C8E89}.Release|Any CPU.ActiveCfg = Release|Any CPU
		{419199AB-1067-48CB-9DFC-DA923A9C8E89}.Release|Any CPU.Build.0 = Release|Any CPU
		{83486CCA-9F06-411C-9260-499276E46E9B}.Debug|Any CPU.ActiveCfg = Debug|Any CPU
		{83486CCA-9F06-411C-9260-499276E46E9B}.Debug|Any CPU.Build.0 = Debug|Any CPU
		{83486CCA-9F06-411C-9260-499276E46E9B}.NoViews|Any CPU.ActiveCfg = Release|Any CPU
		{83486CCA-9F06-411C-9260-499276E46E9B}.NoViews|Any CPU.Build.0 = Release|Any CPU
		{83486CCA-9F06-411C-9260-499276E46E9B}.Release|Any CPU.ActiveCfg = Release|Any CPU
		{83486CCA-9F06-411C-9260-499276E46E9B}.Release|Any CPU.Build.0 = Release|Any CPU
		{460684AF-2AB1-4B44-AFBD-21A00E4339BD}.Debug|Any CPU.ActiveCfg = Debug|Any CPU
		{460684AF-2AB1-4B44-AFBD-21A00E4339BD}.Debug|Any CPU.Build.0 = Debug|Any CPU
		{460684AF-2AB1-4B44-AFBD-21A00E4339BD}.NoViews|Any CPU.ActiveCfg = Release|Any CPU
		{460684AF-2AB1-4B44-AFBD-21A00E4339BD}.NoViews|Any CPU.Build.0 = Release|Any CPU
		{460684AF-2AB1-4B44-AFBD-21A00E4339BD}.Release|Any CPU.ActiveCfg = Release|Any CPU
		{460684AF-2AB1-4B44-AFBD-21A00E4339BD}.Release|Any CPU.Build.0 = Release|Any CPU
		{9F884E50-302D-4947-97C0-CF466066C152}.Debug|Any CPU.ActiveCfg = Debug|Any CPU
		{9F884E50-302D-4947-97C0-CF466066C152}.Debug|Any CPU.Build.0 = Debug|Any CPU
		{9F884E50-302D-4947-97C0-CF466066C152}.NoViews|Any CPU.ActiveCfg = Release|Any CPU
		{9F884E50-302D-4947-97C0-CF466066C152}.NoViews|Any CPU.Build.0 = Release|Any CPU
		{9F884E50-302D-4947-97C0-CF466066C152}.Release|Any CPU.ActiveCfg = Release|Any CPU
		{9F884E50-302D-4947-97C0-CF466066C152}.Release|Any CPU.Build.0 = Release|Any CPU
		{1A9301FC-A806-4C6F-A173-1741D76E7606}.Debug|Any CPU.ActiveCfg = Debug|Any CPU
		{1A9301FC-A806-4C6F-A173-1741D76E7606}.Debug|Any CPU.Build.0 = Debug|Any CPU
		{1A9301FC-A806-4C6F-A173-1741D76E7606}.NoViews|Any CPU.ActiveCfg = Release|Any CPU
		{1A9301FC-A806-4C6F-A173-1741D76E7606}.NoViews|Any CPU.Build.0 = Release|Any CPU
		{1A9301FC-A806-4C6F-A173-1741D76E7606}.Release|Any CPU.ActiveCfg = Release|Any CPU
		{1A9301FC-A806-4C6F-A173-1741D76E7606}.Release|Any CPU.Build.0 = Release|Any CPU
		{B249BBA8-741B-4784-A84E-3F005A4B2CC4}.Debug|Any CPU.ActiveCfg = Debug|Any CPU
		{B249BBA8-741B-4784-A84E-3F005A4B2CC4}.Debug|Any CPU.Build.0 = Debug|Any CPU
		{B249BBA8-741B-4784-A84E-3F005A4B2CC4}.NoViews|Any CPU.ActiveCfg = Release|Any CPU
		{B249BBA8-741B-4784-A84E-3F005A4B2CC4}.NoViews|Any CPU.Build.0 = Release|Any CPU
		{B249BBA8-741B-4784-A84E-3F005A4B2CC4}.Release|Any CPU.ActiveCfg = Release|Any CPU
		{B249BBA8-741B-4784-A84E-3F005A4B2CC4}.Release|Any CPU.Build.0 = Release|Any CPU
		{93907D71-D3E7-41A8-AE97-C56F6366506F}.Debug|Any CPU.ActiveCfg = Debug|Any CPU
		{93907D71-D3E7-41A8-AE97-C56F6366506F}.Debug|Any CPU.Build.0 = Debug|Any CPU
		{93907D71-D3E7-41A8-AE97-C56F6366506F}.NoViews|Any CPU.ActiveCfg = Release|Any CPU
		{93907D71-D3E7-41A8-AE97-C56F6366506F}.NoViews|Any CPU.Build.0 = Release|Any CPU
		{93907D71-D3E7-41A8-AE97-C56F6366506F}.Release|Any CPU.ActiveCfg = Release|Any CPU
		{93907D71-D3E7-41A8-AE97-C56F6366506F}.Release|Any CPU.Build.0 = Release|Any CPU
		{E833441A-44DF-426F-B762-F7A8D8971310}.Debug|Any CPU.ActiveCfg = Debug|Any CPU
		{E833441A-44DF-426F-B762-F7A8D8971310}.Debug|Any CPU.Build.0 = Debug|Any CPU
		{E833441A-44DF-426F-B762-F7A8D8971310}.NoViews|Any CPU.ActiveCfg = Release|Any CPU
		{E833441A-44DF-426F-B762-F7A8D8971310}.NoViews|Any CPU.Build.0 = Release|Any CPU
		{E833441A-44DF-426F-B762-F7A8D8971310}.Release|Any CPU.ActiveCfg = Release|Any CPU
		{E833441A-44DF-426F-B762-F7A8D8971310}.Release|Any CPU.Build.0 = Release|Any CPU
		{93001457-DB65-4921-A20F-D3FD43136FFE}.Debug|Any CPU.ActiveCfg = Debug|Any CPU
		{93001457-DB65-4921-A20F-D3FD43136FFE}.Debug|Any CPU.Build.0 = Debug|Any CPU
		{93001457-DB65-4921-A20F-D3FD43136FFE}.NoViews|Any CPU.ActiveCfg = Release|Any CPU
		{93001457-DB65-4921-A20F-D3FD43136FFE}.NoViews|Any CPU.Build.0 = Release|Any CPU
		{93001457-DB65-4921-A20F-D3FD43136FFE}.Release|Any CPU.ActiveCfg = Release|Any CPU
		{93001457-DB65-4921-A20F-D3FD43136FFE}.Release|Any CPU.Build.0 = Release|Any CPU
		{897D56F1-7FA6-4518-8F65-5B0C90D7AFE4}.Debug|Any CPU.ActiveCfg = Debug|Any CPU
		{897D56F1-7FA6-4518-8F65-5B0C90D7AFE4}.Debug|Any CPU.Build.0 = Debug|Any CPU
		{897D56F1-7FA6-4518-8F65-5B0C90D7AFE4}.NoViews|Any CPU.ActiveCfg = Release|Any CPU
		{897D56F1-7FA6-4518-8F65-5B0C90D7AFE4}.NoViews|Any CPU.Build.0 = Release|Any CPU
		{897D56F1-7FA6-4518-8F65-5B0C90D7AFE4}.Release|Any CPU.ActiveCfg = Release|Any CPU
		{897D56F1-7FA6-4518-8F65-5B0C90D7AFE4}.Release|Any CPU.Build.0 = Release|Any CPU
		{E73844DC-D24C-490C-9098-98ADD149368A}.Debug|Any CPU.ActiveCfg = Debug|Any CPU
		{E73844DC-D24C-490C-9098-98ADD149368A}.Debug|Any CPU.Build.0 = Debug|Any CPU
		{E73844DC-D24C-490C-9098-98ADD149368A}.NoViews|Any CPU.ActiveCfg = Release|Any CPU
		{E73844DC-D24C-490C-9098-98ADD149368A}.NoViews|Any CPU.Build.0 = Release|Any CPU
		{E73844DC-D24C-490C-9098-98ADD149368A}.Release|Any CPU.ActiveCfg = Release|Any CPU
		{E73844DC-D24C-490C-9098-98ADD149368A}.Release|Any CPU.Build.0 = Release|Any CPU
		{59A8E187-70CC-4C76-A5F1-3BAD2FC54F5D}.Debug|Any CPU.ActiveCfg = Debug|Any CPU
		{59A8E187-70CC-4C76-A5F1-3BAD2FC54F5D}.Debug|Any CPU.Build.0 = Debug|Any CPU
		{59A8E187-70CC-4C76-A5F1-3BAD2FC54F5D}.NoViews|Any CPU.ActiveCfg = Release|Any CPU
		{59A8E187-70CC-4C76-A5F1-3BAD2FC54F5D}.NoViews|Any CPU.Build.0 = Release|Any CPU
		{59A8E187-70CC-4C76-A5F1-3BAD2FC54F5D}.Release|Any CPU.ActiveCfg = Release|Any CPU
		{59A8E187-70CC-4C76-A5F1-3BAD2FC54F5D}.Release|Any CPU.Build.0 = Release|Any CPU
		{B46A3ADB-0BE2-4ADD-9690-E873BA4317D5}.Debug|Any CPU.ActiveCfg = Debug|Any CPU
		{B46A3ADB-0BE2-4ADD-9690-E873BA4317D5}.Debug|Any CPU.Build.0 = Debug|Any CPU
		{B46A3ADB-0BE2-4ADD-9690-E873BA4317D5}.NoViews|Any CPU.ActiveCfg = Release|Any CPU
		{B46A3ADB-0BE2-4ADD-9690-E873BA4317D5}.NoViews|Any CPU.Build.0 = Release|Any CPU
		{B46A3ADB-0BE2-4ADD-9690-E873BA4317D5}.Release|Any CPU.ActiveCfg = Release|Any CPU
		{B46A3ADB-0BE2-4ADD-9690-E873BA4317D5}.Release|Any CPU.Build.0 = Release|Any CPU
		{B9CDF1E8-48C4-4705-9544-63EE7464A622}.Debug|Any CPU.ActiveCfg = Debug|Any CPU
		{B9CDF1E8-48C4-4705-9544-63EE7464A622}.Debug|Any CPU.Build.0 = Debug|Any CPU
		{B9CDF1E8-48C4-4705-9544-63EE7464A622}.NoViews|Any CPU.ActiveCfg = Release|Any CPU
		{B9CDF1E8-48C4-4705-9544-63EE7464A622}.NoViews|Any CPU.Build.0 = Release|Any CPU
		{B9CDF1E8-48C4-4705-9544-63EE7464A622}.Release|Any CPU.ActiveCfg = Release|Any CPU
		{B9CDF1E8-48C4-4705-9544-63EE7464A622}.Release|Any CPU.Build.0 = Release|Any CPU
		{3A37350C-A6AD-4D29-9AAC-A443F43DF1FE}.Debug|Any CPU.ActiveCfg = Debug|Any CPU
		{3A37350C-A6AD-4D29-9AAC-A443F43DF1FE}.Debug|Any CPU.Build.0 = Debug|Any CPU
		{3A37350C-A6AD-4D29-9AAC-A443F43DF1FE}.NoViews|Any CPU.ActiveCfg = Release|Any CPU
		{3A37350C-A6AD-4D29-9AAC-A443F43DF1FE}.NoViews|Any CPU.Build.0 = Release|Any CPU
		{3A37350C-A6AD-4D29-9AAC-A443F43DF1FE}.Release|Any CPU.ActiveCfg = Release|Any CPU
		{3A37350C-A6AD-4D29-9AAC-A443F43DF1FE}.Release|Any CPU.Build.0 = Release|Any CPU
		{5154A73E-8A56-4080-A49F-806C1577192D}.Debug|Any CPU.ActiveCfg = Debug|Any CPU
		{5154A73E-8A56-4080-A49F-806C1577192D}.Debug|Any CPU.Build.0 = Debug|Any CPU
		{5154A73E-8A56-4080-A49F-806C1577192D}.NoViews|Any CPU.ActiveCfg = Release|Any CPU
		{5154A73E-8A56-4080-A49F-806C1577192D}.NoViews|Any CPU.Build.0 = Release|Any CPU
		{5154A73E-8A56-4080-A49F-806C1577192D}.Release|Any CPU.ActiveCfg = Release|Any CPU
		{5154A73E-8A56-4080-A49F-806C1577192D}.Release|Any CPU.Build.0 = Release|Any CPU
		{5BBFE856-4132-4481-9CE6-B23BB583DF6B}.Debug|Any CPU.ActiveCfg = Debug|Any CPU
		{5BBFE856-4132-4481-9CE6-B23BB583DF6B}.Debug|Any CPU.Build.0 = Debug|Any CPU
		{5BBFE856-4132-4481-9CE6-B23BB583DF6B}.NoViews|Any CPU.ActiveCfg = Release|Any CPU
		{5BBFE856-4132-4481-9CE6-B23BB583DF6B}.NoViews|Any CPU.Build.0 = Release|Any CPU
		{5BBFE856-4132-4481-9CE6-B23BB583DF6B}.Release|Any CPU.ActiveCfg = Release|Any CPU
		{5BBFE856-4132-4481-9CE6-B23BB583DF6B}.Release|Any CPU.Build.0 = Release|Any CPU
		{40C091DE-6B26-4B8C-8B04-33EE8DFC1148}.Debug|Any CPU.ActiveCfg = Debug|Any CPU
		{40C091DE-6B26-4B8C-8B04-33EE8DFC1148}.Debug|Any CPU.Build.0 = Debug|Any CPU
		{40C091DE-6B26-4B8C-8B04-33EE8DFC1148}.NoViews|Any CPU.ActiveCfg = Release|Any CPU
		{40C091DE-6B26-4B8C-8B04-33EE8DFC1148}.NoViews|Any CPU.Build.0 = Release|Any CPU
		{40C091DE-6B26-4B8C-8B04-33EE8DFC1148}.Release|Any CPU.ActiveCfg = Release|Any CPU
		{40C091DE-6B26-4B8C-8B04-33EE8DFC1148}.Release|Any CPU.Build.0 = Release|Any CPU
		{7EA427FF-BBEE-442C-A8E7-DEF7EC5D95A5}.Debug|Any CPU.ActiveCfg = Debug|Any CPU
		{7EA427FF-BBEE-442C-A8E7-DEF7EC5D95A5}.Debug|Any CPU.Build.0 = Debug|Any CPU
		{7EA427FF-BBEE-442C-A8E7-DEF7EC5D95A5}.NoViews|Any CPU.ActiveCfg = Release|Any CPU
		{7EA427FF-BBEE-442C-A8E7-DEF7EC5D95A5}.NoViews|Any CPU.Build.0 = Release|Any CPU
		{7EA427FF-BBEE-442C-A8E7-DEF7EC5D95A5}.Release|Any CPU.ActiveCfg = Release|Any CPU
		{7EA427FF-BBEE-442C-A8E7-DEF7EC5D95A5}.Release|Any CPU.Build.0 = Release|Any CPU
		{A228D3D6-86AA-4515-9F32-3866235C7DF4}.Debug|Any CPU.ActiveCfg = Debug|Any CPU
		{A228D3D6-86AA-4515-9F32-3866235C7DF4}.Debug|Any CPU.Build.0 = Debug|Any CPU
		{A228D3D6-86AA-4515-9F32-3866235C7DF4}.NoViews|Any CPU.ActiveCfg = Release|Any CPU
		{A228D3D6-86AA-4515-9F32-3866235C7DF4}.NoViews|Any CPU.Build.0 = Release|Any CPU
		{A228D3D6-86AA-4515-9F32-3866235C7DF4}.Release|Any CPU.ActiveCfg = Release|Any CPU
		{A228D3D6-86AA-4515-9F32-3866235C7DF4}.Release|Any CPU.Build.0 = Release|Any CPU
		{325E2FD8-3957-48C2-A02C-5457875444F8}.Debug|Any CPU.ActiveCfg = Debug|Any CPU
		{325E2FD8-3957-48C2-A02C-5457875444F8}.Debug|Any CPU.Build.0 = Debug|Any CPU
		{325E2FD8-3957-48C2-A02C-5457875444F8}.NoViews|Any CPU.ActiveCfg = Release|Any CPU
		{325E2FD8-3957-48C2-A02C-5457875444F8}.NoViews|Any CPU.Build.0 = Release|Any CPU
		{325E2FD8-3957-48C2-A02C-5457875444F8}.Release|Any CPU.ActiveCfg = Release|Any CPU
		{325E2FD8-3957-48C2-A02C-5457875444F8}.Release|Any CPU.Build.0 = Release|Any CPU
		{18E3DB89-E113-4CC8-85D7-2EB42A24A937}.Debug|Any CPU.ActiveCfg = Debug|Any CPU
		{18E3DB89-E113-4CC8-85D7-2EB42A24A937}.Debug|Any CPU.Build.0 = Debug|Any CPU
		{18E3DB89-E113-4CC8-85D7-2EB42A24A937}.NoViews|Any CPU.ActiveCfg = Release|Any CPU
		{18E3DB89-E113-4CC8-85D7-2EB42A24A937}.NoViews|Any CPU.Build.0 = Release|Any CPU
		{18E3DB89-E113-4CC8-85D7-2EB42A24A937}.Release|Any CPU.ActiveCfg = Release|Any CPU
		{18E3DB89-E113-4CC8-85D7-2EB42A24A937}.Release|Any CPU.Build.0 = Release|Any CPU
	EndGlobalSection
	GlobalSection(SolutionProperties) = preSolution
		HideSolutionNode = FALSE
	EndGlobalSection
	GlobalSection(ExtensibilityGlobals) = postSolution
		SolutionGuid = {551762C3-254F-4C9E-A8B3-E79697E5A401}
	EndGlobalSection
EndGlobal
