
Microsoft Visual Studio Solution File, Format Version 12.00
# Visual Studio Version 17
VisualStudioVersion = 17.6.33829.357
MinimumVisualStudioVersion = 10.0.40219.1
Project("{FAE04EC0-301F-11D3-BF4B-00C04F79EFBC}") = "psdPH", "psdPH\psdPH.csproj", "{9FFAB28D-5D38-47CF-9D39-F587CFC90455}"
EndProject
Project("{2150E333-8FDC-42A3-9474-1A3956D46DE8}") = "Элементы решения", "Элементы решения", "{868E0A7A-6D41-4EED-830F-66EEB987752B}"
	ProjectSection(SolutionItems) = preProject
		xml_sample.xml = xml_sample.xml
	EndProjectSection
EndProject
Project("{FAE04EC0-301F-11D3-BF4B-00C04F79EFBC}") = "psdPHTest", "psdPHTest\psdPHTest.csproj", "{6800A165-9BEB-4AD3-9174-4F1336866BB6}"
EndProject
Project("{FAE04EC0-301F-11D3-BF4B-00C04F79EFBC}") = "versiontest", "versiontest\versiontest.csproj", "{EDB41C84-E797-47F7-9650-02AC18353727}"
EndProject
Global
	GlobalSection(SolutionConfigurationPlatforms) = preSolution
		Debug|Any CPU = Debug|Any CPU
		Release|Any CPU = Release|Any CPU
	EndGlobalSection
	GlobalSection(ProjectConfigurationPlatforms) = postSolution
		{9FFAB28D-5D38-47CF-9D39-F587CFC90455}.Debug|Any CPU.ActiveCfg = Debug|Any CPU
		{9FFAB28D-5D38-47CF-9D39-F587CFC90455}.Debug|Any CPU.Build.0 = Debug|Any CPU
		{9FFAB28D-5D38-47CF-9D39-F587CFC90455}.Release|Any CPU.ActiveCfg = Release|Any CPU
		{9FFAB28D-5D38-47CF-9D39-F587CFC90455}.Release|Any CPU.Build.0 = Release|Any CPU
		{6800A165-9BEB-4AD3-9174-4F1336866BB6}.Debug|Any CPU.ActiveCfg = Debug|Any CPU
		{6800A165-9BEB-4AD3-9174-4F1336866BB6}.Debug|Any CPU.Build.0 = Debug|Any CPU
		{6800A165-9BEB-4AD3-9174-4F1336866BB6}.Release|Any CPU.ActiveCfg = Release|Any CPU
		{6800A165-9BEB-4AD3-9174-4F1336866BB6}.Release|Any CPU.Build.0 = Release|Any CPU
		{EDB41C84-E797-47F7-9650-02AC18353727}.Debug|Any CPU.ActiveCfg = Debug|Any CPU
		{EDB41C84-E797-47F7-9650-02AC18353727}.Debug|Any CPU.Build.0 = Debug|Any CPU
		{EDB41C84-E797-47F7-9650-02AC18353727}.Release|Any CPU.ActiveCfg = Release|Any CPU
		{EDB41C84-E797-47F7-9650-02AC18353727}.Release|Any CPU.Build.0 = Release|Any CPU
	EndGlobalSection
	GlobalSection(SolutionProperties) = preSolution
		HideSolutionNode = FALSE
	EndGlobalSection
	GlobalSection(ExtensibilityGlobals) = postSolution
		SolutionGuid = {551762C3-254F-4C9E-A8B3-E79697E5A401}
	EndGlobalSection
EndGlobal
